<?xml version="1.0" encoding="utf-8"?>
<Project ToolsVersion="4.0" xmlns="http://schemas.microsoft.com/developer/msbuild/2003">
  <ItemGroup>
    <ClCompile Include="main.cpp" />
    <ClCompile Include="document.cpp">
      <Filter>Source Files</Filter>
    </ClCompile>
    <ClCompile Include="read_input_functions.cpp">
      <Filter>Source Files</Filter>
    </ClCompile>
    <ClCompile Include="search_server.cpp">
      <Filter>Source Files</Filter>
    </ClCompile>
    <ClCompile Include="request_queue.cpp">
      <Filter>Source Files</Filter>
    </ClCompile>
    <ClCompile Include="string_processing.cpp">
      <Filter>Source Files</Filter>
    </ClCompile>
  </ItemGroup>
  <ItemGroup>
    <Filter Include="Source Files">
      <UniqueIdentifier>{3308f30d-fa90-4a74-8636-597dd398dc20}</UniqueIdentifier>
    </Filter>
    <Filter Include="Header Files">
      <UniqueIdentifier>{e08377c2-e282-4d03-a735-ab8371e43ee0}</UniqueIdentifier>
    </Filter>
  </ItemGroup>
  <ItemGroup>
    <ClInclude Include="document.h">
      <Filter>Header Files</Filter>
    </ClInclude>
    <ClInclude Include="read_input_functions.h">
      <Filter>Header Files</Filter>
    </ClInclude>
    <ClInclude Include="search_server.h">
      <Filter>Header Files</Filter>
    </ClInclude>
    <ClInclude Include="paginator.h">
      <Filter>Header Files</Filter>
    </ClInclude>
    <ClInclude Include="request_queue.h">
      <Filter>Header Files</Filter>
    </ClInclude>
    <ClInclude Include="string_processing.h">
      <Filter>Header Files</Filter>
    </ClInclude>
  </ItemGroup>
</Project>